
Microsoft Visual Studio Solution File, Format Version 12.00
# Visual Studio Version 17
VisualStudioVersion = 17.11.35327.3
MinimumVisualStudioVersion = 10.0.40219.1
Project("{FAE04EC0-301F-11D3-BF4B-00C04F79EFBC}") = "DemoMVC.Sitio", "DemoMVC.Sitio\DemoMVC.Sitio.csproj", "{A9E315BE-D96B-46D1-BBC2-AD990AB8B864}"
EndProject
Project("{2150E333-8FDC-42A3-9474-1A3956D46DE8}") = "Elementos de la solución", "Elementos de la solución", "{F6AB66B0-3DEB-481E-88DD-3D49B8AFFE1C}"
	ProjectSection(SolutionItems) = preProject
		gitignore = gitignore
	EndProjectSection
EndProject
Global
	GlobalSection(SolutionConfigurationPlatforms) = preSolution
		Debug|Any CPU = Debug|Any CPU
		Release|Any CPU = Release|Any CPU
	EndGlobalSection
	GlobalSection(ProjectConfigurationPlatforms) = postSolution
		{A9E315BE-D96B-46D1-BBC2-AD990AB8B864}.Debug|Any CPU.ActiveCfg = Debug|Any CPU
		{A9E315BE-D96B-46D1-BBC2-AD990AB8B864}.Debug|Any CPU.Build.0 = Debug|Any CPU
		{A9E315BE-D96B-46D1-BBC2-AD990AB8B864}.Release|Any CPU.ActiveCfg = Release|Any CPU
		{A9E315BE-D96B-46D1-BBC2-AD990AB8B864}.Release|Any CPU.Build.0 = Release|Any CPU
	EndGlobalSection
	GlobalSection(SolutionProperties) = preSolution
		HideSolutionNode = FALSE
	EndGlobalSection
	GlobalSection(ExtensibilityGlobals) = postSolution
		SolutionGuid = {3550AE0A-932A-4FA5-B92A-2D5A5C1A72F4}
	EndGlobalSection
EndGlobal
